
Microsoft Visual Studio Solution File, Format Version 12.00
# Visual Studio Version 16
VisualStudioVersion = 16.0.29911.84
MinimumVisualStudioVersion = 10.0.40219.1
Project("{FAE04EC0-301F-11D3-BF4B-00C04F79EFBC}") = "ProductLibrary", "ProductLibrary\ProductLibrary.csproj", "{82AD9A76-5E59-43CF-BEDA-413BD300CEC0}"
EndProject
Global
	GlobalSection(SolutionConfigurationPlatforms) = preSolution
		Debug|Any CPU = Debug|Any CPU
		Release|Any CPU = Release|Any CPU
	EndGlobalSection
	GlobalSection(ProjectConfigurationPlatforms) = postSolution
		{82AD9A76-5E59-43CF-BEDA-413BD300CEC0}.Debug|Any CPU.ActiveCfg = Debug|Any CPU
		{82AD9A76-5E59-43CF-BEDA-413BD300CEC0}.Debug|Any CPU.Build.0 = Debug|Any CPU
		{82AD9A76-5E59-43CF-BEDA-413BD300CEC0}.Release|Any CPU.ActiveCfg = Release|Any CPU
		{82AD9A76-5E59-43CF-BEDA-413BD300CEC0}.Release|Any CPU.Build.0 = Release|Any CPU
	EndGlobalSection
	GlobalSection(SolutionProperties) = preSolution
		HideSolutionNode = FALSE
	EndGlobalSection
	GlobalSection(ExtensibilityGlobals) = postSolution
		SolutionGuid = {61066875-21AC-4C01-92B1-4FD93B9709C5}
	EndGlobalSection
EndGlobal
